// !$*UTF8*$!
{
	archiveVersion = 1;
	classes = {
	};
	objectVersion = 48;
	objects = {

/* Begin PBXBuildFile section */
		5344FA7AD3E62D9B9AF3731E /* Pods_TravelGuide.framework in Frameworks */ = {isa = PBXBuildFile; fileRef = 61FE223E218135B477FA2F39 /* Pods_TravelGuide.framework */; };
		771483F0206B898500B9A141 /* Logger.swift in Sources */ = {isa = PBXBuildFile; fileRef = 771483EF206B898500B9A141 /* Logger.swift */; };
		771483F2206B8D0900B9A141 /* Foundation.swift in Sources */ = {isa = PBXBuildFile; fileRef = 771483F1206B8D0900B9A141 /* Foundation.swift */; };
		771483F6206CE8F500B9A141 /* ChooseLoginViewController.swift in Sources */ = {isa = PBXBuildFile; fileRef = 771483F5206CE8F500B9A141 /* ChooseLoginViewController.swift */; };
		77397B43205E5345008BFCBA /* AppDelegate.swift in Sources */ = {isa = PBXBuildFile; fileRef = 77397B42205E5345008BFCBA /* AppDelegate.swift */; };
		77397B48205E5345008BFCBA /* Main.storyboard in Resources */ = {isa = PBXBuildFile; fileRef = 77397B46205E5345008BFCBA /* Main.storyboard */; };
		77397B4D205E5345008BFCBA /* LaunchScreen.storyboard in Resources */ = {isa = PBXBuildFile; fileRef = 77397B4B205E5345008BFCBA /* LaunchScreen.storyboard */; };
		77397B64205E7530008BFCBA /* Auth.storyboard in Resources */ = {isa = PBXBuildFile; fileRef = 77397B63205E7530008BFCBA /* Auth.storyboard */; };
		77397B6A205EBDCA008BFCBA /* Assets.xcassets in Resources */ = {isa = PBXBuildFile; fileRef = 77397B69205EBDCA008BFCBA /* Assets.xcassets */; };
		774D998C2067DDCA00CA0C22 /* UIViewController.swift in Sources */ = {isa = PBXBuildFile; fileRef = 774D998B2067DDCA00CA0C22 /* UIViewController.swift */; };
		774D998E2067E13900CA0C22 /* RegistrationViewController.swift in Sources */ = {isa = PBXBuildFile; fileRef = 774D998D2067E13900CA0C22 /* RegistrationViewController.swift */; };
		77621127206FECAC00111EBC /* PinAnnotation.swift in Sources */ = {isa = PBXBuildFile; fileRef = 77621126206FECAC00111EBC /* PinAnnotation.swift */; };
		7762112B206FF1F600111EBC /* CustomPinAnnotationView.swift in Sources */ = {isa = PBXBuildFile; fileRef = 7762112A206FF1F600111EBC /* CustomPinAnnotationView.swift */; };
		7786FE5B2072CFF2004C7877 /* DetailSightViewController.swift in Sources */ = {isa = PBXBuildFile; fileRef = 7786FE5A2072CFF2004C7877 /* DetailSightViewController.swift */; };
		7786FE5E207364D1004C7877 /* DetailNameTableViewCell.swift in Sources */ = {isa = PBXBuildFile; fileRef = 7786FE5D207364D1004C7877 /* DetailNameTableViewCell.swift */; };
		7786FE6020736529004C7877 /* DetailInfoTableViewCell.swift in Sources */ = {isa = PBXBuildFile; fileRef = 7786FE5F20736529004C7877 /* DetailInfoTableViewCell.swift */; };
		7786FE622073655A004C7877 /* DetailHistoryDescriptionTableViewCell.swift in Sources */ = {isa = PBXBuildFile; fileRef = 7786FE612073655A004C7877 /* DetailHistoryDescriptionTableViewCell.swift */; };
		7786FE64207365F7004C7877 /* DetailMapTableViewCell.swift in Sources */ = {isa = PBXBuildFile; fileRef = 7786FE63207365F7004C7877 /* DetailMapTableViewCell.swift */; };
		7786FE6620736675004C7877 /* DetailImageCollectionViewCell.swift in Sources */ = {isa = PBXBuildFile; fileRef = 7786FE6520736675004C7877 /* DetailImageCollectionViewCell.swift */; };
		779DD95720662F3F00F08676 /* LoginViewController.swift in Sources */ = {isa = PBXBuildFile; fileRef = 779DD95620662F3F00F08676 /* LoginViewController.swift */; };
		779DD9592066331800F08676 /* UIStoryboard.swift in Sources */ = {isa = PBXBuildFile; fileRef = 779DD9582066331800F08676 /* UIStoryboard.swift */; };
		77B600F9206EDF2E0076199A /* ProfileViewController.swift in Sources */ = {isa = PBXBuildFile; fileRef = 77B600F8206EDF2E0076199A /* ProfileViewController.swift */; };
		77B600FB206F8B600076199A /* MapViewController.swift in Sources */ = {isa = PBXBuildFile; fileRef = 77B600FA206F8B600076199A /* MapViewController.swift */; };
		77B8B282205FF12B00BDAA75 /* SightCollectionViewCell.swift in Sources */ = {isa = PBXBuildFile; fileRef = 77B8B281205FF12B00BDAA75 /* SightCollectionViewCell.swift */; };
		77B8B286205FF53B00BDAA75 /* SightModel.swift in Sources */ = {isa = PBXBuildFile; fileRef = 77B8B285205FF53B00BDAA75 /* SightModel.swift */; };
		77B8B28A2061082A00BDAA75 /* CityModel.swift in Sources */ = {isa = PBXBuildFile; fileRef = 77B8B2892061082A00BDAA75 /* CityModel.swift */; };
		77B8B28C20610D9C00BDAA75 /* TripModel.swift in Sources */ = {isa = PBXBuildFile; fileRef = 77B8B28B20610D9C00BDAA75 /* TripModel.swift */; };
		77B8B28E2061377A00BDAA75 /* TripCollectionViewCell.swift in Sources */ = {isa = PBXBuildFile; fileRef = 77B8B28D2061377A00BDAA75 /* TripCollectionViewCell.swift */; };
		77B8B2912061388800BDAA75 /* SightViewModel.swift in Sources */ = {isa = PBXBuildFile; fileRef = 77B8B2902061388800BDAA75 /* SightViewModel.swift */; };
		77B8B29720613B9F00BDAA75 /* HTTPStatusCode.swift in Sources */ = {isa = PBXBuildFile; fileRef = 77B8B29620613B9F00BDAA75 /* HTTPStatusCode.swift */; };
		77B8B2A220614A1000BDAA75 /* RequestMethod.swift in Sources */ = {isa = PBXBuildFile; fileRef = 77B8B2A120614A1000BDAA75 /* RequestMethod.swift */; };
		77B8B2A720614D9A00BDAA75 /* APIService.swift in Sources */ = {isa = PBXBuildFile; fileRef = 77B8B2A620614D9A00BDAA75 /* APIService.swift */; };
		77B8B2AF20615A5800BDAA75 /* SightViewController.swift in Sources */ = {isa = PBXBuildFile; fileRef = 77B8B2AE20615A5800BDAA75 /* SightViewController.swift */; };
		77C0FA8720681F8900A94A8F /* UIWindow.swift in Sources */ = {isa = PBXBuildFile; fileRef = 77C0FA8620681F8900A94A8F /* UIWindow.swift */; };
		77C0FA8920682A8500A94A8F /* ValidityFieldsProtocol.swift in Sources */ = {isa = PBXBuildFile; fileRef = 77C0FA8820682A8500A94A8F /* ValidityFieldsProtocol.swift */; };
		77DF6927206284830094B962 /* MainCityViewController.swift in Sources */ = {isa = PBXBuildFile; fileRef = 77DF6926206284830094B962 /* MainCityViewController.swift */; };
		77DF692920628DA80094B962 /* TabBarViewController.swift in Sources */ = {isa = PBXBuildFile; fileRef = 77DF692820628DA80094B962 /* TabBarViewController.swift */; };
		77DF692D2062946A0094B962 /* CityListViewController.swift in Sources */ = {isa = PBXBuildFile; fileRef = 77DF692C2062946A0094B962 /* CityListViewController.swift */; };
		77E9E14B206298EC0092E70A /* CityListTableViewCell.swift in Sources */ = {isa = PBXBuildFile; fileRef = 77E9E14A206298EC0092E70A /* CityListTableViewCell.swift */; };
		77E9E14D206306940092E70A /* CityViewModel.swift in Sources */ = {isa = PBXBuildFile; fileRef = 77E9E14C206306940092E70A /* CityViewModel.swift */; };
		77F4DA532063B6AD0048B768 /* Typealias.swift in Sources */ = {isa = PBXBuildFile; fileRef = 77F4DA522063B6AD0048B768 /* Typealias.swift */; };
		77F4DA552063F6DD0048B768 /* WelcomeViewController.swift in Sources */ = {isa = PBXBuildFile; fileRef = 77F4DA542063F6DD0048B768 /* WelcomeViewController.swift */; };
		77F4DA57206418710048B768 /* UIImage.swift in Sources */ = {isa = PBXBuildFile; fileRef = 77F4DA56206418710048B768 /* UIImage.swift */; };
		77F4DA5B2065702D0048B768 /* WelcomeCollectionViewCell.swift in Sources */ = {isa = PBXBuildFile; fileRef = 77F4DA5A2065702D0048B768 /* WelcomeCollectionViewCell.swift */; };
		77F4DA5F2065AB610048B768 /* UserDefaults.swift in Sources */ = {isa = PBXBuildFile; fileRef = 77F4DA5E2065AB610048B768 /* UserDefaults.swift */; };
/* End PBXBuildFile section */

/* Begin PBXFileReference section */
		61FE223E218135B477FA2F39 /* Pods_TravelGuide.framework */ = {isa = PBXFileReference; explicitFileType = wrapper.framework; includeInIndex = 0; path = Pods_TravelGuide.framework; sourceTree = BUILT_PRODUCTS_DIR; };
		771483EF206B898500B9A141 /* Logger.swift */ = {isa = PBXFileReference; lastKnownFileType = sourcecode.swift; path = Logger.swift; sourceTree = "<group>"; };
		771483F1206B8D0900B9A141 /* Foundation.swift */ = {isa = PBXFileReference; lastKnownFileType = sourcecode.swift; path = Foundation.swift; sourceTree = "<group>"; };
		771483F5206CE8F500B9A141 /* ChooseLoginViewController.swift */ = {isa = PBXFileReference; lastKnownFileType = sourcecode.swift; path = ChooseLoginViewController.swift; sourceTree = "<group>"; };
		77397B3F205E5345008BFCBA /* TravelGuide.app */ = {isa = PBXFileReference; explicitFileType = wrapper.application; includeInIndex = 0; path = TravelGuide.app; sourceTree = BUILT_PRODUCTS_DIR; };
		77397B42205E5345008BFCBA /* AppDelegate.swift */ = {isa = PBXFileReference; lastKnownFileType = sourcecode.swift; path = AppDelegate.swift; sourceTree = "<group>"; };
		77397B47205E5345008BFCBA /* Base */ = {isa = PBXFileReference; lastKnownFileType = file.storyboard; name = Base; path = Base.lproj/Main.storyboard; sourceTree = "<group>"; };
		77397B4C205E5345008BFCBA /* Base */ = {isa = PBXFileReference; lastKnownFileType = file.storyboard; name = Base; path = Base.lproj/LaunchScreen.storyboard; sourceTree = "<group>"; };
		77397B4E205E5345008BFCBA /* Info.plist */ = {isa = PBXFileReference; lastKnownFileType = text.plist.xml; path = Info.plist; sourceTree = "<group>"; };
		77397B63205E7530008BFCBA /* Auth.storyboard */ = {isa = PBXFileReference; lastKnownFileType = file.storyboard; path = Auth.storyboard; sourceTree = "<group>"; };
		77397B69205EBDCA008BFCBA /* Assets.xcassets */ = {isa = PBXFileReference; lastKnownFileType = folder.assetcatalog; path = Assets.xcassets; sourceTree = "<group>"; };
		774D998B2067DDCA00CA0C22 /* UIViewController.swift */ = {isa = PBXFileReference; lastKnownFileType = sourcecode.swift; path = UIViewController.swift; sourceTree = "<group>"; };
		774D998D2067E13900CA0C22 /* RegistrationViewController.swift */ = {isa = PBXFileReference; lastKnownFileType = sourcecode.swift; path = RegistrationViewController.swift; sourceTree = "<group>"; };
		77621126206FECAC00111EBC /* PinAnnotation.swift */ = {isa = PBXFileReference; lastKnownFileType = sourcecode.swift; path = PinAnnotation.swift; sourceTree = "<group>"; };
		7762112A206FF1F600111EBC /* CustomPinAnnotationView.swift */ = {isa = PBXFileReference; lastKnownFileType = sourcecode.swift; path = CustomPinAnnotationView.swift; sourceTree = "<group>"; };
		7786FE5A2072CFF2004C7877 /* DetailSightViewController.swift */ = {isa = PBXFileReference; lastKnownFileType = sourcecode.swift; path = DetailSightViewController.swift; sourceTree = "<group>"; };
		7786FE5D207364D1004C7877 /* DetailNameTableViewCell.swift */ = {isa = PBXFileReference; lastKnownFileType = sourcecode.swift; path = DetailNameTableViewCell.swift; sourceTree = "<group>"; };
		7786FE5F20736529004C7877 /* DetailInfoTableViewCell.swift */ = {isa = PBXFileReference; lastKnownFileType = sourcecode.swift; path = DetailInfoTableViewCell.swift; sourceTree = "<group>"; };
		7786FE612073655A004C7877 /* DetailHistoryDescriptionTableViewCell.swift */ = {isa = PBXFileReference; lastKnownFileType = sourcecode.swift; path = DetailHistoryDescriptionTableViewCell.swift; sourceTree = "<group>"; };
		7786FE63207365F7004C7877 /* DetailMapTableViewCell.swift */ = {isa = PBXFileReference; lastKnownFileType = sourcecode.swift; path = DetailMapTableViewCell.swift; sourceTree = "<group>"; };
		7786FE6520736675004C7877 /* DetailImageCollectionViewCell.swift */ = {isa = PBXFileReference; lastKnownFileType = sourcecode.swift; path = DetailImageCollectionViewCell.swift; sourceTree = "<group>"; };
		779DD95620662F3F00F08676 /* LoginViewController.swift */ = {isa = PBXFileReference; lastKnownFileType = sourcecode.swift; path = LoginViewController.swift; sourceTree = "<group>"; };
		779DD9582066331800F08676 /* UIStoryboard.swift */ = {isa = PBXFileReference; lastKnownFileType = sourcecode.swift; path = UIStoryboard.swift; sourceTree = "<group>"; };
		77B600F8206EDF2E0076199A /* ProfileViewController.swift */ = {isa = PBXFileReference; lastKnownFileType = sourcecode.swift; path = ProfileViewController.swift; sourceTree = "<group>"; };
		77B600FA206F8B600076199A /* MapViewController.swift */ = {isa = PBXFileReference; lastKnownFileType = sourcecode.swift; path = MapViewController.swift; sourceTree = "<group>"; };
		77B8B281205FF12B00BDAA75 /* SightCollectionViewCell.swift */ = {isa = PBXFileReference; lastKnownFileType = sourcecode.swift; path = SightCollectionViewCell.swift; sourceTree = "<group>"; };
		77B8B285205FF53B00BDAA75 /* SightModel.swift */ = {isa = PBXFileReference; lastKnownFileType = sourcecode.swift; path = SightModel.swift; sourceTree = "<group>"; };
		77B8B2892061082A00BDAA75 /* CityModel.swift */ = {isa = PBXFileReference; lastKnownFileType = sourcecode.swift; path = CityModel.swift; sourceTree = "<group>"; };
		77B8B28B20610D9C00BDAA75 /* TripModel.swift */ = {isa = PBXFileReference; lastKnownFileType = sourcecode.swift; path = TripModel.swift; sourceTree = "<group>"; };
		77B8B28D2061377A00BDAA75 /* TripCollectionViewCell.swift */ = {isa = PBXFileReference; lastKnownFileType = sourcecode.swift; path = TripCollectionViewCell.swift; sourceTree = "<group>"; };
		77B8B2902061388800BDAA75 /* SightViewModel.swift */ = {isa = PBXFileReference; lastKnownFileType = sourcecode.swift; path = SightViewModel.swift; sourceTree = "<group>"; };
		77B8B29620613B9F00BDAA75 /* HTTPStatusCode.swift */ = {isa = PBXFileReference; lastKnownFileType = sourcecode.swift; path = HTTPStatusCode.swift; sourceTree = "<group>"; };
		77B8B2A120614A1000BDAA75 /* RequestMethod.swift */ = {isa = PBXFileReference; lastKnownFileType = sourcecode.swift; path = RequestMethod.swift; sourceTree = "<group>"; };
		77B8B2A620614D9A00BDAA75 /* APIService.swift */ = {isa = PBXFileReference; lastKnownFileType = sourcecode.swift; path = APIService.swift; sourceTree = "<group>"; };
		77B8B2AE20615A5800BDAA75 /* SightViewController.swift */ = {isa = PBXFileReference; lastKnownFileType = sourcecode.swift; path = SightViewController.swift; sourceTree = "<group>"; };
		77C0FA8620681F8900A94A8F /* UIWindow.swift */ = {isa = PBXFileReference; lastKnownFileType = sourcecode.swift; path = UIWindow.swift; sourceTree = "<group>"; };
		77C0FA8820682A8500A94A8F /* ValidityFieldsProtocol.swift */ = {isa = PBXFileReference; lastKnownFileType = sourcecode.swift; path = ValidityFieldsProtocol.swift; sourceTree = "<group>"; };
		77DF6926206284830094B962 /* MainCityViewController.swift */ = {isa = PBXFileReference; lastKnownFileType = sourcecode.swift; path = MainCityViewController.swift; sourceTree = "<group>"; };
		77DF692820628DA80094B962 /* TabBarViewController.swift */ = {isa = PBXFileReference; lastKnownFileType = sourcecode.swift; path = TabBarViewController.swift; sourceTree = "<group>"; };
		77DF692C2062946A0094B962 /* CityListViewController.swift */ = {isa = PBXFileReference; lastKnownFileType = sourcecode.swift; path = CityListViewController.swift; sourceTree = "<group>"; };
		77E9E14A206298EC0092E70A /* CityListTableViewCell.swift */ = {isa = PBXFileReference; lastKnownFileType = sourcecode.swift; path = CityListTableViewCell.swift; sourceTree = "<group>"; };
		77E9E14C206306940092E70A /* CityViewModel.swift */ = {isa = PBXFileReference; lastKnownFileType = sourcecode.swift; path = CityViewModel.swift; sourceTree = "<group>"; };
		77F4DA522063B6AD0048B768 /* Typealias.swift */ = {isa = PBXFileReference; fileEncoding = 4; lastKnownFileType = sourcecode.swift; path = Typealias.swift; sourceTree = "<group>"; };
		77F4DA542063F6DD0048B768 /* WelcomeViewController.swift */ = {isa = PBXFileReference; lastKnownFileType = sourcecode.swift; path = WelcomeViewController.swift; sourceTree = "<group>"; };
		77F4DA56206418710048B768 /* UIImage.swift */ = {isa = PBXFileReference; lastKnownFileType = sourcecode.swift; path = UIImage.swift; sourceTree = "<group>"; };
		77F4DA5A2065702D0048B768 /* WelcomeCollectionViewCell.swift */ = {isa = PBXFileReference; lastKnownFileType = sourcecode.swift; path = WelcomeCollectionViewCell.swift; sourceTree = "<group>"; };
		77F4DA5E2065AB610048B768 /* UserDefaults.swift */ = {isa = PBXFileReference; lastKnownFileType = sourcecode.swift; path = UserDefaults.swift; sourceTree = "<group>"; };
		D2615D3197D8C4962EF42A31 /* Pods-TravelGuide.debug.xcconfig */ = {isa = PBXFileReference; includeInIndex = 1; lastKnownFileType = text.xcconfig; name = "Pods-TravelGuide.debug.xcconfig"; path = "Pods/Target Support Files/Pods-TravelGuide/Pods-TravelGuide.debug.xcconfig"; sourceTree = "<group>"; };
		ED542BF07C5CCC04E99B2E0B /* Pods-TravelGuide.release.xcconfig */ = {isa = PBXFileReference; includeInIndex = 1; lastKnownFileType = text.xcconfig; name = "Pods-TravelGuide.release.xcconfig"; path = "Pods/Target Support Files/Pods-TravelGuide/Pods-TravelGuide.release.xcconfig"; sourceTree = "<group>"; };
/* End PBXFileReference section */

/* Begin PBXFrameworksBuildPhase section */
		77397B3C205E5345008BFCBA /* Frameworks */ = {
			isa = PBXFrameworksBuildPhase;
			buildActionMask = 2147483647;
			files = (
				5344FA7AD3E62D9B9AF3731E /* Pods_TravelGuide.framework in Frameworks */,
			);
			runOnlyForDeploymentPostprocessing = 0;
		};
/* End PBXFrameworksBuildPhase section */

/* Begin PBXGroup section */
		77397B36205E5344008BFCBA = {
			isa = PBXGroup;
			children = (
				77397B41205E5345008BFCBA /* TravelGuide */,
				77397B40205E5345008BFCBA /* Products */,
				A63A28434089F4B2A6AE0A8E /* Pods */,
				DD3CD12CAB8D8430795B0331 /* Frameworks */,
			);
			indentWidth = 4;
			sourceTree = "<group>";
			tabWidth = 4;
		};
		77397B40205E5345008BFCBA /* Products */ = {
			isa = PBXGroup;
			children = (
				77397B3F205E5345008BFCBA /* TravelGuide.app */,
			);
			name = Products;
			sourceTree = "<group>";
		};
		77397B41205E5345008BFCBA /* TravelGuide */ = {
			isa = PBXGroup;
			children = (
				77397B42205E5345008BFCBA /* AppDelegate.swift */,
				77B8B2942061391000BDAA75 /* Services */,
				77B8B284205FF50D00BDAA75 /* Models */,
				77B8B28F2061386600BDAA75 /* ViewModel */,
				77B8B2932061390300BDAA75 /* ViewControllers */,
				77B8B283205FF4FA00BDAA75 /* Views */,
				77F4DA502063B6400048B768 /* Helpers */,
				77397B60205E747B008BFCBA /* Resources */,
			);
			path = TravelGuide;
			sourceTree = "<group>";
		};
		77397B5F205E745C008BFCBA /* Storyboards */ = {
			isa = PBXGroup;
			children = (
				77397B63205E7530008BFCBA /* Auth.storyboard */,
				77397B46205E5345008BFCBA /* Main.storyboard */,
				77397B4B205E5345008BFCBA /* LaunchScreen.storyboard */,
			);
			path = Storyboards;
			sourceTree = "<group>";
		};
		77397B60205E747B008BFCBA /* Resources */ = {
			isa = PBXGroup;
			children = (
				77397B4E205E5345008BFCBA /* Info.plist */,
				77397B69205EBDCA008BFCBA /* Assets.xcassets */,
				77397B5F205E745C008BFCBA /* Storyboards */,
			);
			path = Resources;
			sourceTree = "<group>";
		};
		774D998F2067E14100CA0C22 /* Authorization */ = {
			isa = PBXGroup;
			children = (
				77F4DA542063F6DD0048B768 /* WelcomeViewController.swift */,
				779DD95620662F3F00F08676 /* LoginViewController.swift */,
				774D998D2067E13900CA0C22 /* RegistrationViewController.swift */,
				77C0FA8820682A8500A94A8F /* ValidityFieldsProtocol.swift */,
				771483F5206CE8F500B9A141 /* ChooseLoginViewController.swift */,
			);
			path = Authorization;
			sourceTree = "<group>";
		};
		77621125206FEC8100111EBC /* Map */ = {
			isa = PBXGroup;
			children = (
				77B600FA206F8B600076199A /* MapViewController.swift */,
				77621126206FECAC00111EBC /* PinAnnotation.swift */,
				7762112A206FF1F600111EBC /* CustomPinAnnotationView.swift */,
			);
			path = Map;
			sourceTree = "<group>";
		};
		7786FE5C207364A2004C7877 /* DetailSight */ = {
			isa = PBXGroup;
			children = (
				7786FE5D207364D1004C7877 /* DetailNameTableViewCell.swift */,
				7786FE5F20736529004C7877 /* DetailInfoTableViewCell.swift */,
				7786FE612073655A004C7877 /* DetailHistoryDescriptionTableViewCell.swift */,
				7786FE63207365F7004C7877 /* DetailMapTableViewCell.swift */,
				7786FE6520736675004C7877 /* DetailImageCollectionViewCell.swift */,
			);
			path = DetailSight;
			sourceTree = "<group>";
		};
		77B8B283205FF4FA00BDAA75 /* Views */ = {
			isa = PBXGroup;
			children = (
				77E9E14E20637DD20092E70A /* Cell */,
			);
			path = Views;
			sourceTree = "<group>";
		};
		77B8B284205FF50D00BDAA75 /* Models */ = {
			isa = PBXGroup;
			children = (
				77B8B2892061082A00BDAA75 /* CityModel.swift */,
				77B8B285205FF53B00BDAA75 /* SightModel.swift */,
				77B8B28B20610D9C00BDAA75 /* TripModel.swift */,
			);
			path = Models;
			sourceTree = "<group>";
		};
		77B8B28F2061386600BDAA75 /* ViewModel */ = {
			isa = PBXGroup;
			children = (
				77B8B2902061388800BDAA75 /* SightViewModel.swift */,
				77E9E14C206306940092E70A /* CityViewModel.swift */,
			);
			path = ViewModel;
			sourceTree = "<group>";
		};
		77B8B2932061390300BDAA75 /* ViewControllers */ = {
			isa = PBXGroup;
			children = (
				77621125206FEC8100111EBC /* Map */,
				774D998F2067E14100CA0C22 /* Authorization */,
				77B8B2AE20615A5800BDAA75 /* SightViewController.swift */,
				77DF6926206284830094B962 /* MainCityViewController.swift */,
				77DF692C2062946A0094B962 /* CityListViewController.swift */,
				77DF692820628DA80094B962 /* TabBarViewController.swift */,
				77B600F8206EDF2E0076199A /* ProfileViewController.swift */,
				7786FE5A2072CFF2004C7877 /* DetailSightViewController.swift */,
			);
			path = ViewControllers;
			sourceTree = "<group>";
		};
		77B8B2942061391000BDAA75 /* Services */ = {
			isa = PBXGroup;
			children = (
				77B8B29E206149D900BDAA75 /* Network */,
			);
			path = Services;
			sourceTree = "<group>";
		};
		77B8B29E206149D900BDAA75 /* Network */ = {
			isa = PBXGroup;
			children = (
				77B8B2A620614D9A00BDAA75 /* APIService.swift */,
				77B8B29620613B9F00BDAA75 /* HTTPStatusCode.swift */,
				77B8B2A120614A1000BDAA75 /* RequestMethod.swift */,
			);
			path = Network;
			sourceTree = "<group>";
		};
		77E9E14E20637DD20092E70A /* Cell */ = {
			isa = PBXGroup;
			children = (
				7786FE5C207364A2004C7877 /* DetailSight */,
				77B8B28D2061377A00BDAA75 /* TripCollectionViewCell.swift */,
				77B8B281205FF12B00BDAA75 /* SightCollectionViewCell.swift */,
				77E9E14A206298EC0092E70A /* CityListTableViewCell.swift */,
				77F4DA5A2065702D0048B768 /* WelcomeCollectionViewCell.swift */,
			);
			path = Cell;
			sourceTree = "<group>";
		};
		77F4DA502063B6400048B768 /* Helpers */ = {
			isa = PBXGroup;
			children = (
				77F4DA522063B6AD0048B768 /* Typealias.swift */,
				771483EF206B898500B9A141 /* Logger.swift */,
				77F4DA512063B6570048B768 /* Extensions */,
			);
			path = Helpers;
			sourceTree = "<group>";
		};
		77F4DA512063B6570048B768 /* Extensions */ = {
			isa = PBXGroup;
			children = (
				77F4DA56206418710048B768 /* UIImage.swift */,
				77F4DA5E2065AB610048B768 /* UserDefaults.swift */,
				779DD9582066331800F08676 /* UIStoryboard.swift */,
				774D998B2067DDCA00CA0C22 /* UIViewController.swift */,
				77C0FA8620681F8900A94A8F /* UIWindow.swift */,
				771483F1206B8D0900B9A141 /* Foundation.swift */,
			);
			path = Extensions;
			sourceTree = "<group>";
		};
		A63A28434089F4B2A6AE0A8E /* Pods */ = {
			isa = PBXGroup;
			children = (
				D2615D3197D8C4962EF42A31 /* Pods-TravelGuide.debug.xcconfig */,
				ED542BF07C5CCC04E99B2E0B /* Pods-TravelGuide.release.xcconfig */,
			);
			name = Pods;
			sourceTree = "<group>";
		};
		DD3CD12CAB8D8430795B0331 /* Frameworks */ = {
			isa = PBXGroup;
			children = (
				61FE223E218135B477FA2F39 /* Pods_TravelGuide.framework */,
			);
			name = Frameworks;
			sourceTree = "<group>";
		};
/* End PBXGroup section */

/* Begin PBXNativeTarget section */
		77397B3E205E5345008BFCBA /* TravelGuide */ = {
			isa = PBXNativeTarget;
			buildConfigurationList = 77397B51205E5345008BFCBA /* Build configuration list for PBXNativeTarget "TravelGuide" */;
			buildPhases = (
				D383F988853F6ADAF0E88559 /* [CP] Check Pods Manifest.lock */,
				77397B3B205E5345008BFCBA /* Sources */,
				77397B3C205E5345008BFCBA /* Frameworks */,
				77397B3D205E5345008BFCBA /* Resources */,
				D097461CB83EE7031C1BA008 /* [CP] Embed Pods Frameworks */,
				CF3C7FC8FAF659EE76CDCA2E /* [CP] Copy Pods Resources */,
			);
			buildRules = (
			);
			dependencies = (
			);
			name = TravelGuide;
			productName = TravelGuide;
			productReference = 77397B3F205E5345008BFCBA /* TravelGuide.app */;
			productType = "com.apple.product-type.application";
		};
/* End PBXNativeTarget section */

/* Begin PBXProject section */
		77397B37205E5345008BFCBA /* Project object */ = {
			isa = PBXProject;
			attributes = {
				LastSwiftUpdateCheck = 0920;
				LastUpgradeCheck = 0920;
				ORGANIZATIONNAME = "Anton Makarov";
				TargetAttributes = {
					77397B3E205E5345008BFCBA = {
						CreatedOnToolsVersion = 9.2;
						ProvisioningStyle = Automatic;
					};
				};
			};
			buildConfigurationList = 77397B3A205E5345008BFCBA /* Build configuration list for PBXProject "TravelGuide" */;
			compatibilityVersion = "Xcode 8.0";
			developmentRegion = en;
			hasScannedForEncodings = 0;
			knownRegions = (
				en,
				Base,
			);
			mainGroup = 77397B36205E5344008BFCBA;
			productRefGroup = 77397B40205E5345008BFCBA /* Products */;
			projectDirPath = "";
			projectRoot = "";
			targets = (
				77397B3E205E5345008BFCBA /* TravelGuide */,
			);
		};
/* End PBXProject section */

/* Begin PBXResourcesBuildPhase section */
		77397B3D205E5345008BFCBA /* Resources */ = {
			isa = PBXResourcesBuildPhase;
			buildActionMask = 2147483647;
			files = (
				77397B64205E7530008BFCBA /* Auth.storyboard in Resources */,
				77397B4D205E5345008BFCBA /* LaunchScreen.storyboard in Resources */,
				77397B6A205EBDCA008BFCBA /* Assets.xcassets in Resources */,
				77397B48205E5345008BFCBA /* Main.storyboard in Resources */,
			);
			runOnlyForDeploymentPostprocessing = 0;
		};
/* End PBXResourcesBuildPhase section */

/* Begin PBXShellScriptBuildPhase section */
		CF3C7FC8FAF659EE76CDCA2E /* [CP] Copy Pods Resources */ = {
			isa = PBXShellScriptBuildPhase;
			buildActionMask = 2147483647;
			files = (
			);
			inputPaths = (
			);
			name = "[CP] Copy Pods Resources";
			outputPaths = (
			);
			runOnlyForDeploymentPostprocessing = 0;
			shellPath = /bin/sh;
			shellScript = "\"${SRCROOT}/Pods/Target Support Files/Pods-TravelGuide/Pods-TravelGuide-resources.sh\"\n";
			showEnvVarsInLog = 0;
		};
		D097461CB83EE7031C1BA008 /* [CP] Embed Pods Frameworks */ = {
			isa = PBXShellScriptBuildPhase;
			buildActionMask = 2147483647;
			files = (
			);
			inputPaths = (
			);
			name = "[CP] Embed Pods Frameworks";
			outputPaths = (
			);
			runOnlyForDeploymentPostprocessing = 0;
			shellPath = /bin/sh;
			shellScript = "\"${SRCROOT}/Pods/Target Support Files/Pods-TravelGuide/Pods-TravelGuide-frameworks.sh\"\n";
			showEnvVarsInLog = 0;
		};
		D383F988853F6ADAF0E88559 /* [CP] Check Pods Manifest.lock */ = {
			isa = PBXShellScriptBuildPhase;
			buildActionMask = 2147483647;
			files = (
			);
			inputPaths = (
			);
			name = "[CP] Check Pods Manifest.lock";
			outputPaths = (
			);
			runOnlyForDeploymentPostprocessing = 0;
			shellPath = /bin/sh;
			shellScript = "diff \"${PODS_ROOT}/../Podfile.lock\" \"${PODS_ROOT}/Manifest.lock\" > /dev/null\nif [ $? != 0 ] ; then\n    # print error to STDERR\n    echo \"error: The sandbox is not in sync with the Podfile.lock. Run 'pod install' or update your CocoaPods installation.\" >&2\n    exit 1\nfi\n";
			showEnvVarsInLog = 0;
		};
/* End PBXShellScriptBuildPhase section */

/* Begin PBXSourcesBuildPhase section */
		77397B3B205E5345008BFCBA /* Sources */ = {
			isa = PBXSourcesBuildPhase;
			buildActionMask = 2147483647;
			files = (
				771483F0206B898500B9A141 /* Logger.swift in Sources */,
				7786FE64207365F7004C7877 /* DetailMapTableViewCell.swift in Sources */,
				77C0FA8720681F8900A94A8F /* UIWindow.swift in Sources */,
				7786FE6620736675004C7877 /* DetailImageCollectionViewCell.swift in Sources */,
				771483F2206B8D0900B9A141 /* Foundation.swift in Sources */,
				77E9E14D206306940092E70A /* CityViewModel.swift in Sources */,
				77B8B28C20610D9C00BDAA75 /* TripModel.swift in Sources */,
				77B8B2AF20615A5800BDAA75 /* SightViewController.swift in Sources */,
				77621127206FECAC00111EBC /* PinAnnotation.swift in Sources */,
				779DD95720662F3F00F08676 /* LoginViewController.swift in Sources */,
				774D998E2067E13900CA0C22 /* RegistrationViewController.swift in Sources */,
				774D998C2067DDCA00CA0C22 /* UIViewController.swift in Sources */,
				77B8B29720613B9F00BDAA75 /* HTTPStatusCode.swift in Sources */,
				77B8B28A2061082A00BDAA75 /* CityModel.swift in Sources */,
				7786FE6020736529004C7877 /* DetailInfoTableViewCell.swift in Sources */,
				77DF692920628DA80094B962 /* TabBarViewController.swift in Sources */,
				77B8B2912061388800BDAA75 /* SightViewModel.swift in Sources */,
				77DF6927206284830094B962 /* MainCityViewController.swift in Sources */,
				77DF692D2062946A0094B962 /* CityListViewController.swift in Sources */,
				77B600FB206F8B600076199A /* MapViewController.swift in Sources */,
				77F4DA552063F6DD0048B768 /* WelcomeViewController.swift in Sources */,
				77C0FA8920682A8500A94A8F /* ValidityFieldsProtocol.swift in Sources */,
				771483F6206CE8F500B9A141 /* ChooseLoginViewController.swift in Sources */,
				7786FE622073655A004C7877 /* DetailHistoryDescriptionTableViewCell.swift in Sources */,
				7762112B206FF1F600111EBC /* CustomPinAnnotationView.swift in Sources */,
				77B8B2A720614D9A00BDAA75 /* APIService.swift in Sources */,
				779DD9592066331800F08676 /* UIStoryboard.swift in Sources */,
				77B600F9206EDF2E0076199A /* ProfileViewController.swift in Sources */,
				77B8B282205FF12B00BDAA75 /* SightCollectionViewCell.swift in Sources */,
				77B8B286205FF53B00BDAA75 /* SightModel.swift in Sources */,
				77F4DA5F2065AB610048B768 /* UserDefaults.swift in Sources */,
				7786FE5E207364D1004C7877 /* DetailNameTableViewCell.swift in Sources */,
				77F4DA5B2065702D0048B768 /* WelcomeCollectionViewCell.swift in Sources */,
				77B8B2A220614A1000BDAA75 /* RequestMethod.swift in Sources */,
				77F4DA532063B6AD0048B768 /* Typealias.swift in Sources */,
				77397B43205E5345008BFCBA /* AppDelegate.swift in Sources */,
				77F4DA57206418710048B768 /* UIImage.swift in Sources */,
				7786FE5B2072CFF2004C7877 /* DetailSightViewController.swift in Sources */,
				77E9E14B206298EC0092E70A /* CityListTableViewCell.swift in Sources */,
				77B8B28E2061377A00BDAA75 /* TripCollectionViewCell.swift in Sources */,
			);
			runOnlyForDeploymentPostprocessing = 0;
		};
/* End PBXSourcesBuildPhase section */

/* Begin PBXVariantGroup section */
		77397B46205E5345008BFCBA /* Main.storyboard */ = {
			isa = PBXVariantGroup;
			children = (
				77397B47205E5345008BFCBA /* Base */,
			);
			name = Main.storyboard;
			sourceTree = "<group>";
		};
		77397B4B205E5345008BFCBA /* LaunchScreen.storyboard */ = {
			isa = PBXVariantGroup;
			children = (
				77397B4C205E5345008BFCBA /* Base */,
			);
			name = LaunchScreen.storyboard;
			sourceTree = "<group>";
		};
/* End PBXVariantGroup section */

/* Begin XCBuildConfiguration section */
		77397B4F205E5345008BFCBA /* Debug */ = {
			isa = XCBuildConfiguration;
			buildSettings = {
				ALWAYS_SEARCH_USER_PATHS = NO;
				CLANG_ANALYZER_NONNULL = YES;
				CLANG_ANALYZER_NUMBER_OBJECT_CONVERSION = YES_AGGRESSIVE;
				CLANG_CXX_LANGUAGE_STANDARD = "gnu++14";
				CLANG_CXX_LIBRARY = "libc++";
				CLANG_ENABLE_MODULES = YES;
				CLANG_ENABLE_OBJC_ARC = YES;
				CLANG_WARN_BLOCK_CAPTURE_AUTORELEASING = YES;
				CLANG_WARN_BOOL_CONVERSION = YES;
				CLANG_WARN_COMMA = YES;
				CLANG_WARN_CONSTANT_CONVERSION = YES;
				CLANG_WARN_DIRECT_OBJC_ISA_USAGE = YES_ERROR;
				CLANG_WARN_DOCUMENTATION_COMMENTS = YES;
				CLANG_WARN_EMPTY_BODY = YES;
				CLANG_WARN_ENUM_CONVERSION = YES;
				CLANG_WARN_INFINITE_RECURSION = YES;
				CLANG_WARN_INT_CONVERSION = YES;
				CLANG_WARN_NON_LITERAL_NULL_CONVERSION = YES;
				CLANG_WARN_OBJC_LITERAL_CONVERSION = YES;
				CLANG_WARN_OBJC_ROOT_CLASS = YES_ERROR;
				CLANG_WARN_RANGE_LOOP_ANALYSIS = YES;
				CLANG_WARN_STRICT_PROTOTYPES = YES;
				CLANG_WARN_SUSPICIOUS_MOVE = YES;
				CLANG_WARN_UNGUARDED_AVAILABILITY = YES_AGGRESSIVE;
				CLANG_WARN_UNREACHABLE_CODE = YES;
				CLANG_WARN__DUPLICATE_METHOD_MATCH = YES;
				CODE_SIGN_IDENTITY = "iPhone Developer";
				COPY_PHASE_STRIP = NO;
				DEBUG_INFORMATION_FORMAT = dwarf;
				ENABLE_STRICT_OBJC_MSGSEND = YES;
				ENABLE_TESTABILITY = YES;
				GCC_C_LANGUAGE_STANDARD = gnu11;
				GCC_DYNAMIC_NO_PIC = NO;
				GCC_NO_COMMON_BLOCKS = YES;
				GCC_OPTIMIZATION_LEVEL = 0;
				GCC_PREPROCESSOR_DEFINITIONS = (
					"DEBUG=1",
					"$(inherited)",
				);
				GCC_WARN_64_TO_32_BIT_CONVERSION = YES;
				GCC_WARN_ABOUT_RETURN_TYPE = YES_ERROR;
				GCC_WARN_UNDECLARED_SELECTOR = YES;
				GCC_WARN_UNINITIALIZED_AUTOS = YES_AGGRESSIVE;
				GCC_WARN_UNUSED_FUNCTION = YES;
				GCC_WARN_UNUSED_VARIABLE = YES;
				IPHONEOS_DEPLOYMENT_TARGET = 11.2;
				MTL_ENABLE_DEBUG_INFO = YES;
				ONLY_ACTIVE_ARCH = YES;
				SDKROOT = iphoneos;
				SWIFT_ACTIVE_COMPILATION_CONDITIONS = DEBUG;
				SWIFT_OPTIMIZATION_LEVEL = "-Onone";
			};
			name = Debug;
		};
		77397B50205E5345008BFCBA /* Release */ = {
			isa = XCBuildConfiguration;
			buildSettings = {
				ALWAYS_SEARCH_USER_PATHS = NO;
				CLANG_ANALYZER_NONNULL = YES;
				CLANG_ANALYZER_NUMBER_OBJECT_CONVERSION = YES_AGGRESSIVE;
				CLANG_CXX_LANGUAGE_STANDARD = "gnu++14";
				CLANG_CXX_LIBRARY = "libc++";
				CLANG_ENABLE_MODULES = YES;
				CLANG_ENABLE_OBJC_ARC = YES;
				CLANG_WARN_BLOCK_CAPTURE_AUTORELEASING = YES;
				CLANG_WARN_BOOL_CONVERSION = YES;
				CLANG_WARN_COMMA = YES;
				CLANG_WARN_CONSTANT_CONVERSION = YES;
				CLANG_WARN_DIRECT_OBJC_ISA_USAGE = YES_ERROR;
				CLANG_WARN_DOCUMENTATION_COMMENTS = YES;
				CLANG_WARN_EMPTY_BODY = YES;
				CLANG_WARN_ENUM_CONVERSION = YES;
				CLANG_WARN_INFINITE_RECURSION = YES;
				CLANG_WARN_INT_CONVERSION = YES;
				CLANG_WARN_NON_LITERAL_NULL_CONVERSION = YES;
				CLANG_WARN_OBJC_LITERAL_CONVERSION = YES;
				CLANG_WARN_OBJC_ROOT_CLASS = YES_ERROR;
				CLANG_WARN_RANGE_LOOP_ANALYSIS = YES;
				CLANG_WARN_STRICT_PROTOTYPES = YES;
				CLANG_WARN_SUSPICIOUS_MOVE = YES;
				CLANG_WARN_UNGUARDED_AVAILABILITY = YES_AGGRESSIVE;
				CLANG_WARN_UNREACHABLE_CODE = YES;
				CLANG_WARN__DUPLICATE_METHOD_MATCH = YES;
				CODE_SIGN_IDENTITY = "iPhone Developer";
				COPY_PHASE_STRIP = NO;
				DEBUG_INFORMATION_FORMAT = "dwarf-with-dsym";
				ENABLE_NS_ASSERTIONS = NO;
				ENABLE_STRICT_OBJC_MSGSEND = YES;
				GCC_C_LANGUAGE_STANDARD = gnu11;
				GCC_NO_COMMON_BLOCKS = YES;
				GCC_WARN_64_TO_32_BIT_CONVERSION = YES;
				GCC_WARN_ABOUT_RETURN_TYPE = YES_ERROR;
				GCC_WARN_UNDECLARED_SELECTOR = YES;
				GCC_WARN_UNINITIALIZED_AUTOS = YES_AGGRESSIVE;
				GCC_WARN_UNUSED_FUNCTION = YES;
				GCC_WARN_UNUSED_VARIABLE = YES;
				IPHONEOS_DEPLOYMENT_TARGET = 11.2;
				MTL_ENABLE_DEBUG_INFO = NO;
				SDKROOT = iphoneos;
				SWIFT_OPTIMIZATION_LEVEL = "-Owholemodule";
				VALIDATE_PRODUCT = YES;
			};
			name = Release;
		};
		77397B52205E5345008BFCBA /* Debug */ = {
			isa = XCBuildConfiguration;
			baseConfigurationReference = D2615D3197D8C4962EF42A31 /* Pods-TravelGuide.debug.xcconfig */;
			buildSettings = {
				ASSETCATALOG_COMPILER_APPICON_NAME = AppIcon;
				CODE_SIGN_STYLE = Automatic;
				DEVELOPMENT_TEAM = RA8RP8Z7ML;
				INFOPLIST_FILE = "$(SRCROOT)/TravelGuide/Resources/Info.plist";
				LD_RUNPATH_SEARCH_PATHS = "$(inherited) @executable_path/Frameworks";
				PRODUCT_BUNDLE_IDENTIFIER = ITMak.TravelGuide;
				PRODUCT_NAME = "$(TARGET_NAME)";
				SWIFT_VERSION = 4.0;
				TARGETED_DEVICE_FAMILY = "1,2";
			};
			name = Debug;
		};
		77397B53205E5345008BFCBA /* Release */ = {
			isa = XCBuildConfiguration;
			baseConfigurationReference = ED542BF07C5CCC04E99B2E0B /* Pods-TravelGuide.release.xcconfig */;
			buildSettings = {
				ASSETCATALOG_COMPILER_APPICON_NAME = AppIcon;
				CODE_SIGN_STYLE = Automatic;
				DEVELOPMENT_TEAM = RA8RP8Z7ML;
				INFOPLIST_FILE = "$(SRCROOT)/TravelGuide/Resources/Info.plist";
				LD_RUNPATH_SEARCH_PATHS = "$(inherited) @executable_path/Frameworks";
				PRODUCT_BUNDLE_IDENTIFIER = ITMak.TravelGuide;
				PRODUCT_NAME = "$(TARGET_NAME)";
				SWIFT_VERSION = 4.0;
				TARGETED_DEVICE_FAMILY = "1,2";
			};
			name = Release;
		};
/* End XCBuildConfiguration section */

/* Begin XCConfigurationList section */
		77397B3A205E5345008BFCBA /* Build configuration list for PBXProject "TravelGuide" */ = {
			isa = XCConfigurationList;
			buildConfigurations = (
				77397B4F205E5345008BFCBA /* Debug */,
				77397B50205E5345008BFCBA /* Release */,
			);
			defaultConfigurationIsVisible = 0;
			defaultConfigurationName = Release;
		};
		77397B51205E5345008BFCBA /* Build configuration list for PBXNativeTarget "TravelGuide" */ = {
			isa = XCConfigurationList;
			buildConfigurations = (
				77397B52205E5345008BFCBA /* Debug */,
				77397B53205E5345008BFCBA /* Release */,
			);
			defaultConfigurationIsVisible = 0;
			defaultConfigurationName = Release;
		};
/* End XCConfigurationList section */
	};
	rootObject = 77397B37205E5345008BFCBA /* Project object */;
}
